// !$*UTF8*$!
{
	archiveVersion = 1;
	classes = {
	};
	objectVersion = 46;
	objects = {

/* Begin PBXBuildFile section */
		176490511CD6579E00854ACD /* main.m in Sources */ = {isa = PBXBuildFile; fileRef = 176490501CD6579E00854ACD /* main.m */; };
		176490541CD6579E00854ACD /* AppDelegate.m in Sources */ = {isa = PBXBuildFile; fileRef = 176490531CD6579E00854ACD /* AppDelegate.m */; };
		176490571CD6579E00854ACD /* ViewController.m in Sources */ = {isa = PBXBuildFile; fileRef = 176490561CD6579E00854ACD /* ViewController.m */; };
		1764905A1CD6579E00854ACD /* Main.storyboard in Resources */ = {isa = PBXBuildFile; fileRef = 176490581CD6579E00854ACD /* Main.storyboard */; };
		1764905D1CD6579E00854ACD /* CoreDataDemo.xcdatamodeld in Sources */ = {isa = PBXBuildFile; fileRef = 1764905B1CD6579E00854ACD /* CoreDataDemo.xcdatamodeld */; };
		1764905F1CD6579E00854ACD /* Assets.xcassets in Resources */ = {isa = PBXBuildFile; fileRef = 1764905E1CD6579E00854ACD /* Assets.xcassets */; };
		176490621CD6579E00854ACD /* LaunchScreen.storyboard in Resources */ = {isa = PBXBuildFile; fileRef = 176490601CD6579E00854ACD /* LaunchScreen.storyboard */; };
		1764906D1CD6579F00854ACD /* CoreDataDemoTests.m in Sources */ = {isa = PBXBuildFile; fileRef = 1764906C1CD6579F00854ACD /* CoreDataDemoTests.m */; };
		176490781CD6579F00854ACD /* CoreDataDemoUITests.m in Sources */ = {isa = PBXBuildFile; fileRef = 176490771CD6579F00854ACD /* CoreDataDemoUITests.m */; };
		176490871CD667B200854ACD /* DeviceTableViewController.m in Sources */ = {isa = PBXBuildFile; fileRef = 176490861CD667B200854ACD /* DeviceTableViewController.m */; };
		176490891CD66DB400854ACD /* CoreData.framework in Frameworks */ = {isa = PBXBuildFile; fileRef = 176490881CD66DB400854ACD /* CoreData.framework */; };
/* End PBXBuildFile section */

/* Begin PBXContainerItemProxy section */
		176490691CD6579F00854ACD /* PBXContainerItemProxy */ = {
			isa = PBXContainerItemProxy;
			containerPortal = 176490441CD6579D00854ACD /* Project object */;
			proxyType = 1;
			remoteGlobalIDString = 1764904B1CD6579D00854ACD;
			remoteInfo = CoreDataDemo;
		};
		176490741CD6579F00854ACD /* PBXContainerItemProxy */ = {
			isa = PBXContainerItemProxy;
			containerPortal = 176490441CD6579D00854ACD /* Project object */;
			proxyType = 1;
			remoteGlobalIDString = 1764904B1CD6579D00854ACD;
			remoteInfo = CoreDataDemo;
		};
/* End PBXContainerItemProxy section */

/* Begin PBXFileReference section */
		1764904C1CD6579D00854ACD /* CoreDataDemo.app */ = {isa = PBXFileReference; explicitFileType = wrapper.application; includeInIndex = 0; path = CoreDataDemo.app; sourceTree = BUILT_PRODUCTS_DIR; };
		176490501CD6579E00854ACD /* main.m */ = {isa = PBXFileReference; lastKnownFileType = sourcecode.c.objc; path = main.m; sourceTree = "<group>"; };
		176490521CD6579E00854ACD /* AppDelegate.h */ = {isa = PBXFileReference; lastKnownFileType = sourcecode.c.h; path = AppDelegate.h; sourceTree = "<group>"; };
		176490531CD6579E00854ACD /* AppDelegate.m */ = {isa = PBXFileReference; lastKnownFileType = sourcecode.c.objc; path = AppDelegate.m; sourceTree = "<group>"; };
		176490551CD6579E00854ACD /* ViewController.h */ = {isa = PBXFileReference; lastKnownFileType = sourcecode.c.h; path = ViewController.h; sourceTree = "<group>"; };
		176490561CD6579E00854ACD /* ViewController.m */ = {isa = PBXFileReference; lastKnownFileType = sourcecode.c.objc; path = ViewController.m; sourceTree = "<group>"; };
		176490591CD6579E00854ACD /* Base */ = {isa = PBXFileReference; lastKnownFileType = file.storyboard; name = Base; path = Base.lproj/Main.storyboard; sourceTree = "<group>"; };
		1764905C1CD6579E00854ACD /* CoreDataDemo.xcdatamodel */ = {isa = PBXFileReference; lastKnownFileType = wrapper.xcdatamodel; path = CoreDataDemo.xcdatamodel; sourceTree = "<group>"; };
		1764905E1CD6579E00854ACD /* Assets.xcassets */ = {isa = PBXFileReference; lastKnownFileType = folder.assetcatalog; path = Assets.xcassets; sourceTree = "<group>"; };
		176490611CD6579E00854ACD /* Base */ = {isa = PBXFileReference; lastKnownFileType = file.storyboard; name = Base; path = Base.lproj/LaunchScreen.storyboard; sourceTree = "<group>"; };
		176490631CD6579E00854ACD /* Info.plist */ = {isa = PBXFileReference; lastKnownFileType = text.plist.xml; path = Info.plist; sourceTree = "<group>"; };
		176490681CD6579F00854ACD /* CoreDataDemoTests.xctest */ = {isa = PBXFileReference; explicitFileType = wrapper.cfbundle; includeInIndex = 0; path = CoreDataDemoTests.xctest; sourceTree = BUILT_PRODUCTS_DIR; };
		1764906C1CD6579F00854ACD /* CoreDataDemoTests.m */ = {isa = PBXFileReference; lastKnownFileType = sourcecode.c.objc; path = CoreDataDemoTests.m; sourceTree = "<group>"; };
		1764906E1CD6579F00854ACD /* Info.plist */ = {isa = PBXFileReference; lastKnownFileType = text.plist.xml; path = Info.plist; sourceTree = "<group>"; };
		176490731CD6579F00854ACD /* CoreDataDemoUITests.xctest */ = {isa = PBXFileReference; explicitFileType = wrapper.cfbundle; includeInIndex = 0; path = CoreDataDemoUITests.xctest; sourceTree = BUILT_PRODUCTS_DIR; };
		176490771CD6579F00854ACD /* CoreDataDemoUITests.m */ = {isa = PBXFileReference; lastKnownFileType = sourcecode.c.objc; path = CoreDataDemoUITests.m; sourceTree = "<group>"; };
		176490791CD6579F00854ACD /* Info.plist */ = {isa = PBXFileReference; lastKnownFileType = text.plist.xml; path = Info.plist; sourceTree = "<group>"; };
		176490851CD667B200854ACD /* DeviceTableViewController.h */ = {isa = PBXFileReference; fileEncoding = 4; lastKnownFileType = sourcecode.c.h; path = DeviceTableViewController.h; sourceTree = "<group>"; };
		176490861CD667B200854ACD /* DeviceTableViewController.m */ = {isa = PBXFileReference; fileEncoding = 4; lastKnownFileType = sourcecode.c.objc; path = DeviceTableViewController.m; sourceTree = "<group>"; };
		176490881CD66DB400854ACD /* CoreData.framework */ = {isa = PBXFileReference; lastKnownFileType = wrapper.framework; name = CoreData.framework; path = System/Library/Frameworks/CoreData.framework; sourceTree = SDKROOT; };
/* End PBXFileReference section */

/* Begin PBXFrameworksBuildPhase section */
		176490491CD6579D00854ACD /* Frameworks */ = {
			isa = PBXFrameworksBuildPhase;
			buildActionMask = 2147483647;
			files = (
				176490891CD66DB400854ACD /* CoreData.framework in Frameworks */,
			);
			runOnlyForDeploymentPostprocessing = 0;
		};
		176490651CD6579F00854ACD /* Frameworks */ = {
			isa = PBXFrameworksBuildPhase;
			buildActionMask = 2147483647;
			files = (
			);
			runOnlyForDeploymentPostprocessing = 0;
		};
		176490701CD6579F00854ACD /* Frameworks */ = {
			isa = PBXFrameworksBuildPhase;
			buildActionMask = 2147483647;
			files = (
			);
			runOnlyForDeploymentPostprocessing = 0;
		};
/* End PBXFrameworksBuildPhase section */

/* Begin PBXGroup section */
		176490431CD6579D00854ACD = {
			isa = PBXGroup;
			children = (
				176490881CD66DB400854ACD /* CoreData.framework */,
				1764904E1CD6579E00854ACD /* CoreDataDemo */,
				1764906B1CD6579F00854ACD /* CoreDataDemoTests */,
				176490761CD6579F00854ACD /* CoreDataDemoUITests */,
				1764904D1CD6579D00854ACD /* Products */,
			);
			sourceTree = "<group>";
		};
		1764904D1CD6579D00854ACD /* Products */ = {
			isa = PBXGroup;
			children = (
				1764904C1CD6579D00854ACD /* CoreDataDemo.app */,
				176490681CD6579F00854ACD /* CoreDataDemoTests.xctest */,
				176490731CD6579F00854ACD /* CoreDataDemoUITests.xctest */,
			);
			name = Products;
			sourceTree = "<group>";
		};
		1764904E1CD6579E00854ACD /* CoreDataDemo */ = {
			isa = PBXGroup;
			children = (
				176490521CD6579E00854ACD /* AppDelegate.h */,
				176490531CD6579E00854ACD /* AppDelegate.m */,
				176490851CD667B200854ACD /* DeviceTableViewController.h */,
				176490861CD667B200854ACD /* DeviceTableViewController.m */,
				176490551CD6579E00854ACD /* ViewController.h */,
				176490561CD6579E00854ACD /* ViewController.m */,
				176490581CD6579E00854ACD /* Main.storyboard */,
				1764905E1CD6579E00854ACD /* Assets.xcassets */,
				176490601CD6579E00854ACD /* LaunchScreen.storyboard */,
				176490631CD6579E00854ACD /* Info.plist */,
				1764905B1CD6579E00854ACD /* CoreDataDemo.xcdatamodeld */,
				1764904F1CD6579E00854ACD /* Supporting Files */,
			);
			path = CoreDataDemo;
			sourceTree = "<group>";
		};
		1764904F1CD6579E00854ACD /* Supporting Files */ = {
			isa = PBXGroup;
			children = (
				176490501CD6579E00854ACD /* main.m */,
			);
			name = "Supporting Files";
			sourceTree = "<group>";
		};
		1764906B1CD6579F00854ACD /* CoreDataDemoTests */ = {
			isa = PBXGroup;
			children = (
				1764906C1CD6579F00854ACD /* CoreDataDemoTests.m */,
				1764906E1CD6579F00854ACD /* Info.plist */,
			);
			path = CoreDataDemoTests;
			sourceTree = "<group>";
		};
		176490761CD6579F00854ACD /* CoreDataDemoUITests */ = {
			isa = PBXGroup;
			children = (
				176490771CD6579F00854ACD /* CoreDataDemoUITests.m */,
				176490791CD6579F00854ACD /* Info.plist */,
			);
			path = CoreDataDemoUITests;
			sourceTree = "<group>";
		};
/* End PBXGroup section */

/* Begin PBXNativeTarget section */
		1764904B1CD6579D00854ACD /* CoreDataDemo */ = {
			isa = PBXNativeTarget;
			buildConfigurationList = 1764907C1CD6579F00854ACD /* Build configuration list for PBXNativeTarget "CoreDataDemo" */;
			buildPhases = (
				176490481CD6579D00854ACD /* Sources */,
				176490491CD6579D00854ACD /* Frameworks */,
				1764904A1CD6579D00854ACD /* Resources */,
			);
			buildRules = (
			);
			dependencies = (
			);
			name = CoreDataDemo;
			productName = CoreDataDemo;
			productReference = 1764904C1CD6579D00854ACD /* CoreDataDemo.app */;
			productType = "com.apple.product-type.application";
		};
		176490671CD6579F00854ACD /* CoreDataDemoTests */ = {
			isa = PBXNativeTarget;
			buildConfigurationList = 1764907F1CD6579F00854ACD /* Build configuration list for PBXNativeTarget "CoreDataDemoTests" */;
			buildPhases = (
				176490641CD6579F00854ACD /* Sources */,
				176490651CD6579F00854ACD /* Frameworks */,
				176490661CD6579F00854ACD /* Resources */,
			);
			buildRules = (
			);
			dependencies = (
				1764906A1CD6579F00854ACD /* PBXTargetDependency */,
			);
			name = CoreDataDemoTests;
			productName = CoreDataDemoTests;
			productReference = 176490681CD6579F00854ACD /* CoreDataDemoTests.xctest */;
			productType = "com.apple.product-type.bundle.unit-test";
		};
		176490721CD6579F00854ACD /* CoreDataDemoUITests */ = {
			isa = PBXNativeTarget;
			buildConfigurationList = 176490821CD6579F00854ACD /* Build configuration list for PBXNativeTarget "CoreDataDemoUITests" */;
			buildPhases = (
				1764906F1CD6579F00854ACD /* Sources */,
				176490701CD6579F00854ACD /* Frameworks */,
				176490711CD6579F00854ACD /* Resources */,
			);
			buildRules = (
			);
			dependencies = (
				176490751CD6579F00854ACD /* PBXTargetDependency */,
			);
			name = CoreDataDemoUITests;
			productName = CoreDataDemoUITests;
			productReference = 176490731CD6579F00854ACD /* CoreDataDemoUITests.xctest */;
			productType = "com.apple.product-type.bundle.ui-testing";
		};
/* End PBXNativeTarget section */

/* Begin PBXProject section */
		176490441CD6579D00854ACD /* Project object */ = {
			isa = PBXProject;
			attributes = {
				LastUpgradeCheck = 0730;
				ORGANIZATIONNAME = dishant;
				TargetAttributes = {
					1764904B1CD6579D00854ACD = {
						CreatedOnToolsVersion = 7.3;
					};
					176490671CD6579F00854ACD = {
						CreatedOnToolsVersion = 7.3;
						TestTargetID = 1764904B1CD6579D00854ACD;
					};
					176490721CD6579F00854ACD = {
						CreatedOnToolsVersion = 7.3;
						TestTargetID = 1764904B1CD6579D00854ACD;
					};
				};
			};
			buildConfigurationList = 176490471CD6579D00854ACD /* Build configuration list for PBXProject "CoreDataDemo" */;
			compatibilityVersion = "Xcode 3.2";
			developmentRegion = English;
			hasScannedForEncodings = 0;
			knownRegions = (
				en,
				Base,
			);
			mainGroup = 176490431CD6579D00854ACD;
			productRefGroup = 1764904D1CD6579D00854ACD /* Products */;
			projectDirPath = "";
			projectRoot = "";
			targets = (
				1764904B1CD6579D00854ACD /* CoreDataDemo */,
				176490671CD6579F00854ACD /* CoreDataDemoTests */,
				176490721CD6579F00854ACD /* CoreDataDemoUITests */,
			);
		};
/* End PBXProject section */

/* Begin PBXResourcesBuildPhase section */
		1764904A1CD6579D00854ACD /* Resources */ = {
			isa = PBXResourcesBuildPhase;
			buildActionMask = 2147483647;
			files = (
				176490621CD6579E00854ACD /* LaunchScreen.storyboard in Resources */,
				1764905F1CD6579E00854ACD /* Assets.xcassets in Resources */,
				1764905A1CD6579E00854ACD /* Main.storyboard in Resources */,
			);
			runOnlyForDeploymentPostprocessing = 0;
		};
		176490661CD6579F00854ACD /* Resources */ = {
			isa = PBXResourcesBuildPhase;
			buildActionMask = 2147483647;
			files = (
			);
			runOnlyForDeploymentPostprocessing = 0;
		};
		176490711CD6579F00854ACD /* Resources */ = {
			isa = PBXResourcesBuildPhase;
			buildActionMask = 2147483647;
			files = (
			);
			runOnlyForDeploymentPostprocessing = 0;
		};
/* End PBXResourcesBuildPhase section */

/* Begin PBXSourcesBuildPhase section */
		176490481CD6579D00854ACD /* Sources */ = {
			isa = PBXSourcesBuildPhase;
			buildActionMask = 2147483647;
			files = (
				176490571CD6579E00854ACD /* ViewController.m in Sources */,
				1764905D1CD6579E00854ACD /* CoreDataDemo.xcdatamodeld in Sources */,
				176490541CD6579E00854ACD /* AppDelegate.m in Sources */,
				176490871CD667B200854ACD /* DeviceTableViewController.m in Sources */,
				176490511CD6579E00854ACD /* main.m in Sources */,
			);
			runOnlyForDeploymentPostprocessing = 0;
		};
		176490641CD6579F00854ACD /* Sources */ = {
			isa = PBXSourcesBuildPhase;
			buildActionMask = 2147483647;
			files = (
				1764906D1CD6579F00854ACD /* CoreDataDemoTests.m in Sources */,
			);
			runOnlyForDeploymentPostprocessing = 0;
		};
		1764906F1CD6579F00854ACD /* Sources */ = {
			isa = PBXSourcesBuildPhase;
			buildActionMask = 2147483647;
			files = (
				176490781CD6579F00854ACD /* CoreDataDemoUITests.m in Sources */,
			);
			runOnlyForDeploymentPostprocessing = 0;
		};
/* End PBXSourcesBuildPhase section */

/* Begin PBXTargetDependency section */
		1764906A1CD6579F00854ACD /* PBXTargetDependency */ = {
			isa = PBXTargetDependency;
			target = 1764904B1CD6579D00854ACD /* CoreDataDemo */;
			targetProxy = 176490691CD6579F00854ACD /* PBXContainerItemProxy */;
		};
		176490751CD6579F00854ACD /* PBXTargetDependency */ = {
			isa = PBXTargetDependency;
			target = 1764904B1CD6579D00854ACD /* CoreDataDemo */;
			targetProxy = 176490741CD6579F00854ACD /* PBXContainerItemProxy */;
		};
/* End PBXTargetDependency section */

/* Begin PBXVariantGroup section */
		176490581CD6579E00854ACD /* Main.storyboard */ = {
			isa = PBXVariantGroup;
			children = (
				176490591CD6579E00854ACD /* Base */,
			);
			name = Main.storyboard;
			sourceTree = "<group>";
		};
		176490601CD6579E00854ACD /* LaunchScreen.storyboard */ = {
			isa = PBXVariantGroup;
			children = (
				176490611CD6579E00854ACD /* Base */,
			);
			name = LaunchScreen.storyboard;
			sourceTree = "<group>";
		};
/* End PBXVariantGroup section */

/* Begin XCBuildConfiguration section */
		1764907A1CD6579F00854ACD /* Debug */ = {
			isa = XCBuildConfiguration;
			buildSettings = {
				ALWAYS_SEARCH_USER_PATHS = NO;
				CLANG_ANALYZER_NONNULL = YES;
				CLANG_CXX_LANGUAGE_STANDARD = "gnu++0x";
				CLANG_CXX_LIBRARY = "libc++";
				CLANG_ENABLE_MODULES = YES;
				CLANG_ENABLE_OBJC_ARC = YES;
				CLANG_WARN_BOOL_CONVERSION = YES;
				CLANG_WARN_CONSTANT_CONVERSION = YES;
				CLANG_WARN_DIRECT_OBJC_ISA_USAGE = YES_ERROR;
				CLANG_WARN_EMPTY_BODY = YES;
				CLANG_WARN_ENUM_CONVERSION = YES;
				CLANG_WARN_INT_CONVERSION = YES;
				CLANG_WARN_OBJC_ROOT_CLASS = YES_ERROR;
				CLANG_WARN_UNREACHABLE_CODE = YES;
				CLANG_WARN__DUPLICATE_METHOD_MATCH = YES;
				"CODE_SIGN_IDENTITY[sdk=iphoneos*]" = "iPhone Developer";
				COPY_PHASE_STRIP = NO;
				DEBUG_INFORMATION_FORMAT = dwarf;
				ENABLE_STRICT_OBJC_MSGSEND = YES;
				ENABLE_TESTABILITY = YES;
				GCC_C_LANGUAGE_STANDARD = gnu99;
				GCC_DYNAMIC_NO_PIC = NO;
				GCC_NO_COMMON_BLOCKS = YES;
				GCC_OPTIMIZATION_LEVEL = 0;
				GCC_PREPROCESSOR_DEFINITIONS = (
					"DEBUG=1",
					"$(inherited)",
				);
				GCC_WARN_64_TO_32_BIT_CONVERSION = YES;
				GCC_WARN_ABOUT_RETURN_TYPE = YES_ERROR;
				GCC_WARN_UNDECLARED_SELECTOR = YES;
				GCC_WARN_UNINITIALIZED_AUTOS = YES_AGGRESSIVE;
				GCC_WARN_UNUSED_FUNCTION = YES;
				GCC_WARN_UNUSED_VARIABLE = YES;
				IPHONEOS_DEPLOYMENT_TARGET = 9.3;
				MTL_ENABLE_DEBUG_INFO = YES;
				ONLY_ACTIVE_ARCH = YES;
				SDKROOT = iphoneos;
			};
			name = Debug;
		};
		1764907B1CD6579F00854ACD /* Release */ = {
			isa = XCBuildConfiguration;
			buildSettings = {
				ALWAYS_SEARCH_USER_PATHS = NO;
				CLANG_ANALYZER_NONNULL = YES;
				CLANG_CXX_LANGUAGE_STANDARD = "gnu++0x";
				CLANG_CXX_LIBRARY = "libc++";
				CLANG_ENABLE_MODULES = YES;
				CLANG_ENABLE_OBJC_ARC = YES;
				CLANG_WARN_BOOL_CONVERSION = YES;
				CLANG_WARN_CONSTANT_CONVERSION = YES;
				CLANG_WARN_DIRECT_OBJC_ISA_USAGE = YES_ERROR;
				CLANG_WARN_EMPTY_BODY = YES;
				CLANG_WARN_ENUM_CONVERSION = YES;
				CLANG_WARN_INT_CONVERSION = YES;
				CLANG_WARN_OBJC_ROOT_CLASS = YES_ERROR;
				CLANG_WARN_UNREACHABLE_CODE = YES;
				CLANG_WARN__DUPLICATE_METHOD_MATCH = YES;
				"CODE_SIGN_IDENTITY[sdk=iphoneos*]" = "iPhone Developer";
				COPY_PHASE_STRIP = NO;
				DEBUG_INFORMATION_FORMAT = "dwarf-with-dsym";
				ENABLE_NS_ASSERTIONS = NO;
				ENABLE_STRICT_OBJC_MSGSEND = YES;
				GCC_C_LANGUAGE_STANDARD = gnu99;
				GCC_NO_COMMON_BLOCKS = YES;
				GCC_WARN_64_TO_32_BIT_CONVERSION = YES;
				GCC_WARN_ABOUT_RETURN_TYPE = YES_ERROR;
				GCC_WARN_UNDECLARED_SELECTOR = YES;
				GCC_WARN_UNINITIALIZED_AUTOS = YES_AGGRESSIVE;
				GCC_WARN_UNUSED_FUNCTION = YES;
				GCC_WARN_UNUSED_VARIABLE = YES;
				IPHONEOS_DEPLOYMENT_TARGET = 9.3;
				MTL_ENABLE_DEBUG_INFO = NO;
				SDKROOT = iphoneos;
				VALIDATE_PRODUCT = YES;
			};
			name = Release;
		};
		1764907D1CD6579F00854ACD /* Debug */ = {
			isa = XCBuildConfiguration;
			buildSettings = {
				ASSETCATALOG_COMPILER_APPICON_NAME = AppIcon;
				INFOPLIST_FILE = CoreDataDemo/Info.plist;
				LD_RUNPATH_SEARCH_PATHS = "$(inherited) @executable_path/Frameworks";
				PRODUCT_BUNDLE_IDENTIFIER = com.dishant.CoreDataDemo;
				PRODUCT_NAME = "$(TARGET_NAME)";
			};
			name = Debug;
		};
		1764907E1CD6579F00854ACD /* Release */ = {
			isa = XCBuildConfiguration;
			buildSettings = {
				ASSETCATALOG_COMPILER_APPICON_NAME = AppIcon;
				INFOPLIST_FILE = CoreDataDemo/Info.plist;
				LD_RUNPATH_SEARCH_PATHS = "$(inherited) @executable_path/Frameworks";
				PRODUCT_BUNDLE_IDENTIFIER = com.dishant.CoreDataDemo;
				PRODUCT_NAME = "$(TARGET_NAME)";
			};
			name = Release;
		};
		176490801CD6579F00854ACD /* Debug */ = {
			isa = XCBuildConfiguration;
			buildSettings = {
				BUNDLE_LOADER = "$(TEST_HOST)";
				INFOPLIST_FILE = CoreDataDemoTests/Info.plist;
				LD_RUNPATH_SEARCH_PATHS = "$(inherited) @executable_path/Frameworks @loader_path/Frameworks";
				PRODUCT_BUNDLE_IDENTIFIER = com.dishant.CoreDataDemoTests;
				PRODUCT_NAME = "$(TARGET_NAME)";
				TEST_HOST = "$(BUILT_PRODUCTS_DIR)/CoreDataDemo.app/CoreDataDemo";
			};
			name = Debug;
		};
		176490811CD6579F00854ACD /* Release */ = {
			isa = XCBuildConfiguration;
			buildSettings = {
				BUNDLE_LOADER = "$(TEST_HOST)";
				INFOPLIST_FILE = CoreDataDemoTests/Info.plist;
				LD_RUNPATH_SEARCH_PATHS = "$(inherited) @executable_path/Frameworks @loader_path/Frameworks";
				PRODUCT_BUNDLE_IDENTIFIER = com.dishant.CoreDataDemoTests;
				PRODUCT_NAME = "$(TARGET_NAME)";
				TEST_HOST = "$(BUILT_PRODUCTS_DIR)/CoreDataDemo.app/CoreDataDemo";
			};
			name = Release;
		};
		176490831CD6579F00854ACD /* Debug */ = {
			isa = XCBuildConfiguration;
			buildSettings = {
				INFOPLIST_FILE = CoreDataDemoUITests/Info.plist;
				LD_RUNPATH_SEARCH_PATHS = "$(inherited) @executable_path/Frameworks @loader_path/Frameworks";
				PRODUCT_BUNDLE_IDENTIFIER = com.dishant.CoreDataDemoUITests;
				PRODUCT_NAME = "$(TARGET_NAME)";
				TEST_TARGET_NAME = CoreDataDemo;
			};
			name = Debug;
		};
		176490841CD6579F00854ACD /* Release */ = {
			isa = XCBuildConfiguration;
			buildSettings = {
				INFOPLIST_FILE = CoreDataDemoUITests/Info.plist;
				LD_RUNPATH_SEARCH_PATHS = "$(inherited) @executable_path/Frameworks @loader_path/Frameworks";
				PRODUCT_BUNDLE_IDENTIFIER = com.dishant.CoreDataDemoUITests;
				PRODUCT_NAME = "$(TARGET_NAME)";
				TEST_TARGET_NAME = CoreDataDemo;
			};
			name = Release;
		};
/* End XCBuildConfiguration section */

/* Begin XCConfigurationList section */
		176490471CD6579D00854ACD /* Build configuration list for PBXProject "CoreDataDemo" */ = {
			isa = XCConfigurationList;
			buildConfigurations = (
				1764907A1CD6579F00854ACD /* Debug */,
				1764907B1CD6579F00854ACD /* Release */,
			);
			defaultConfigurationIsVisible = 0;
			defaultConfigurationName = Release;
		};
		1764907C1CD6579F00854ACD /* Build configuration list for PBXNativeTarget "CoreDataDemo" */ = {
			isa = XCConfigurationList;
			buildConfigurations = (
				1764907D1CD6579F00854ACD /* Debug */,
				1764907E1CD6579F00854ACD /* Release */,
			);
			defaultConfigurationIsVisible = 0;
			defaultConfigurationName = Release;
		};
		1764907F1CD6579F00854ACD /* Build configuration list for PBXNativeTarget "CoreDataDemoTests" */ = {
			isa = XCConfigurationList;
			buildConfigurations = (
				176490801CD6579F00854ACD /* Debug */,
				176490811CD6579F00854ACD /* Release */,
			);
			defaultConfigurationIsVisible = 0;
			defaultConfigurationName = Release;
		};
		176490821CD6579F00854ACD /* Build configuration list for PBXNativeTarget "CoreDataDemoUITests" */ = {
			isa = XCConfigurationList;
			buildConfigurations = (
				176490831CD6579F00854ACD /* Debug */,
				176490841CD6579F00854ACD /* Release */,
			);
			defaultConfigurationIsVisible = 0;
			defaultConfigurationName = Release;
		};
/* End XCConfigurationList section */

/* Begin XCVersionGroup section */
		1764905B1CD6579E00854ACD /* CoreDataDemo.xcdatamodeld */ = {
			isa = XCVersionGroup;
			children = (
				1764905C1CD6579E00854ACD /* CoreDataDemo.xcdatamodel */,
			);
			currentVersion = 1764905C1CD6579E00854ACD /* CoreDataDemo.xcdatamodel */;
			path = CoreDataDemo.xcdatamodeld;
			sourceTree = "<group>";
			versionGroupType = wrapper.xcdatamodel;
		};
/* End XCVersionGroup section */
	};
	rootObject = 176490441CD6579D00854ACD /* Project object */;
}
